
Microsoft Visual Studio Solution File, Format Version 12.00
# Visual Studio 15
VisualStudioVersion = 15.0.27130.2024
MinimumVisualStudioVersion = 10.0.40219.1
Project("{FAE04EC0-301F-11D3-BF4B-00C04F79EFBC}") = "PTAS", "PTAS\PTAS.csproj", "{0075DD78-EAC2-4236-BD57-DFF546FAEE79}"
EndProject
Global
	GlobalSection(SolutionConfigurationPlatforms) = preSolution
		Debug|Any CPU = Debug|Any CPU
		Debug|x64 = Debug|x64
		Debug|x86 = Debug|x86
		DefaultBuild|Any CPU = DefaultBuild|Any CPU
		DefaultBuild|x64 = DefaultBuild|x64
		DefaultBuild|x86 = DefaultBuild|x86
		Release|Any CPU = Release|Any CPU
		Release|x64 = Release|x64
		Release|x86 = Release|x86
	EndGlobalSection
	GlobalSection(ProjectConfigurationPlatforms) = postSolution
		{0075DD78-EAC2-4236-BD57-DFF546FAEE79}.Debug|Any CPU.ActiveCfg = Debug|Any CPU
		{0075DD78-EAC2-4236-BD57-DFF546FAEE79}.Debug|Any CPU.Build.0 = Debug|Any CPU
		{0075DD78-EAC2-4236-BD57-DFF546FAEE79}.Debug|x64.ActiveCfg = Debug|x64
		{0075DD78-EAC2-4236-BD57-DFF546FAEE79}.Debug|x64.Build.0 = Debug|x64
		{0075DD78-EAC2-4236-BD57-DFF546FAEE79}.Debug|x86.ActiveCfg = Debug|x86
		{0075DD78-EAC2-4236-BD57-DFF546FAEE79}.Debug|x86.Build.0 = Debug|x86
		{0075DD78-EAC2-4236-BD57-DFF546FAEE79}.DefaultBuild|Any CPU.ActiveCfg = Debug|Any CPU
		{0075DD78-EAC2-4236-BD57-DFF546FAEE79}.DefaultBuild|Any CPU.Build.0 = Debug|Any CPU
		{0075DD78-EAC2-4236-BD57-DFF546FAEE79}.DefaultBuild|x64.ActiveCfg = Debug|x64
		{0075DD78-EAC2-4236-BD57-DFF546FAEE79}.DefaultBuild|x64.Build.0 = Debug|x64
		{0075DD78-EAC2-4236-BD57-DFF546FAEE79}.DefaultBuild|x86.ActiveCfg = Debug|x86
		{0075DD78-EAC2-4236-BD57-DFF546FAEE79}.DefaultBuild|x86.Build.0 = Debug|x86
		{0075DD78-EAC2-4236-BD57-DFF546FAEE79}.Release|Any CPU.ActiveCfg = Release|Any CPU
		{0075DD78-EAC2-4236-BD57-DFF546FAEE79}.Release|Any CPU.Build.0 = Release|Any CPU
		{0075DD78-EAC2-4236-BD57-DFF546FAEE79}.Release|x64.ActiveCfg = Release|x64
		{0075DD78-EAC2-4236-BD57-DFF546FAEE79}.Release|x64.Build.0 = Release|x64
		{0075DD78-EAC2-4236-BD57-DFF546FAEE79}.Release|x86.ActiveCfg = Release|x86
		{0075DD78-EAC2-4236-BD57-DFF546FAEE79}.Release|x86.Build.0 = Release|x86
	EndGlobalSection
	GlobalSection(SolutionProperties) = preSolution
		HideSolutionNode = FALSE
	EndGlobalSection
	GlobalSection(ExtensibilityGlobals) = postSolution
		SolutionGuid = {68D4AC98-C28C-4828-BFD1-6123AB8F5216}
	EndGlobalSection
	GlobalSection(Performance) = preSolution
		HasPerformanceSessions = true
	EndGlobalSection
EndGlobal
